
Microsoft Visual Studio Solution File, Format Version 12.00
# Visual Studio Version 16
VisualStudioVersion = 16.0.31112.23
MinimumVisualStudioVersion = 10.0.40219.1
Project("{FAE04EC0-301F-11D3-BF4B-00C04F79EFBC}") = "EsraDurgun-StudentForm", "EsraDurgun-StudentForm\EsraDurgun-StudentForm.csproj", "{ED63BD55-1235-43F5-B1C0-18CF6DC58942}"
EndProject
Global
	GlobalSection(SolutionConfigurationPlatforms) = preSolution
		Debug|Any CPU = Debug|Any CPU
		Release|Any CPU = Release|Any CPU
	EndGlobalSection
	GlobalSection(ProjectConfigurationPlatforms) = postSolution
		{ED63BD55-1235-43F5-B1C0-18CF6DC58942}.Debug|Any CPU.ActiveCfg = Debug|Any CPU
		{ED63BD55-1235-43F5-B1C0-18CF6DC58942}.Debug|Any CPU.Build.0 = Debug|Any CPU
		{ED63BD55-1235-43F5-B1C0-18CF6DC58942}.Release|Any CPU.ActiveCfg = Release|Any CPU
		{ED63BD55-1235-43F5-B1C0-18CF6DC58942}.Release|Any CPU.Build.0 = Release|Any CPU
	EndGlobalSection
	GlobalSection(SolutionProperties) = preSolution
		HideSolutionNode = FALSE
	EndGlobalSection
	GlobalSection(ExtensibilityGlobals) = postSolution
		SolutionGuid = {31ED7869-5788-425C-BA68-BF0D6E4EFE4B}
	EndGlobalSection
EndGlobal
